
Microsoft Visual Studio Solution File, Format Version 12.00
# Visual Studio 15
VisualStudioVersion = 15.0.28307.271
MinimumVisualStudioVersion = 10.0.40219.1
Project("{FAE04EC0-301F-11D3-BF4B-00C04F79EFBC}") = "CrossRoads", "CrossRoads\CrossRoads.csproj", "{1A10C943-50CF-45FB-B80A-23BE24CD8166}"
EndProject
Project("{FAE04EC0-301F-11D3-BF4B-00C04F79EFBC}") = "CrossRoads.Tests", "CrossRoads.Tests\CrossRoads.Tests.csproj", "{FD0D35AA-3EE0-4118-BB67-7249E517F8DD}"
EndProject
Global
	GlobalSection(SolutionConfigurationPlatforms) = preSolution
		Debug|Any CPU = Debug|Any CPU
		Release|Any CPU = Release|Any CPU
	EndGlobalSection
	GlobalSection(ProjectConfigurationPlatforms) = postSolution
		{1A10C943-50CF-45FB-B80A-23BE24CD8166}.Debug|Any CPU.ActiveCfg = Debug|Any CPU
		{1A10C943-50CF-45FB-B80A-23BE24CD8166}.Debug|Any CPU.Build.0 = Debug|Any CPU
		{1A10C943-50CF-45FB-B80A-23BE24CD8166}.Release|Any CPU.ActiveCfg = Release|Any CPU
		{1A10C943-50CF-45FB-B80A-23BE24CD8166}.Release|Any CPU.Build.0 = Release|Any CPU
		{FD0D35AA-3EE0-4118-BB67-7249E517F8DD}.Debug|Any CPU.ActiveCfg = Debug|Any CPU
		{FD0D35AA-3EE0-4118-BB67-7249E517F8DD}.Debug|Any CPU.Build.0 = Debug|Any CPU
		{FD0D35AA-3EE0-4118-BB67-7249E517F8DD}.Release|Any CPU.ActiveCfg = Release|Any CPU
		{FD0D35AA-3EE0-4118-BB67-7249E517F8DD}.Release|Any CPU.Build.0 = Release|Any CPU
	EndGlobalSection
	GlobalSection(SolutionProperties) = preSolution
		HideSolutionNode = FALSE
	EndGlobalSection
	GlobalSection(ExtensibilityGlobals) = postSolution
		SolutionGuid = {C79F4F27-4623-4B73-95B3-F5D6AE18CE50}
	EndGlobalSection
EndGlobal
